// !$*UTF8*$!
{
	archiveVersion = 1;
	classes = {
	};
	objectVersion = 46;
	objects = {

/* Begin PBXBuildFile section */
		1164CEAB1D27708100BD280A /* list_t.c in Sources */ = {isa = PBXBuildFile; fileRef = 1164CEA91D27708100BD280A /* list_t.c */; };
		1164CEAD1D27980000BD280A /* main.c in Sources */ = {isa = PBXBuildFile; fileRef = 1164CEAC1D27980000BD280A /* main.c */; };
/* End PBXBuildFile section */

/* Begin PBXCopyFilesBuildPhase section */
		1164CE9D1D27706E00BD280A /* CopyFiles */ = {
			isa = PBXCopyFilesBuildPhase;
			buildActionMask = 2147483647;
			dstPath = /usr/share/man/man1/;
			dstSubfolderSpec = 0;
			files = (
			);
			runOnlyForDeploymentPostprocessing = 1;
		};
/* End PBXCopyFilesBuildPhase section */

/* Begin PBXFileReference section */
		1164CE9F1D27706E00BD280A /* Linked_List */ = {isa = PBXFileReference; explicitFileType = "compiled.mach-o.executable"; includeInIndex = 0; path = Linked_List; sourceTree = BUILT_PRODUCTS_DIR; };
		1164CEA91D27708100BD280A /* list_t.c */ = {isa = PBXFileReference; fileEncoding = 4; lastKnownFileType = sourcecode.c.c; path = list_t.c; sourceTree = "<group>"; };
		1164CEAA1D27708100BD280A /* list_t.h */ = {isa = PBXFileReference; fileEncoding = 4; lastKnownFileType = sourcecode.c.h; path = list_t.h; sourceTree = "<group>"; };
		1164CEAC1D27980000BD280A /* main.c */ = {isa = PBXFileReference; fileEncoding = 4; lastKnownFileType = sourcecode.c.c; path = main.c; sourceTree = "<group>"; };
/* End PBXFileReference section */

/* Begin PBXFrameworksBuildPhase section */
		1164CE9C1D27706E00BD280A /* Frameworks */ = {
			isa = PBXFrameworksBuildPhase;
			buildActionMask = 2147483647;
			files = (
			);
			runOnlyForDeploymentPostprocessing = 0;
		};
/* End PBXFrameworksBuildPhase section */

/* Begin PBXGroup section */
		1164CE961D27706E00BD280A = {
			isa = PBXGroup;
			children = (
				1164CEA11D27706E00BD280A /* Linked_List */,
				1164CEA01D27706E00BD280A /* Products */,
			);
			sourceTree = "<group>";
		};
		1164CEA01D27706E00BD280A /* Products */ = {
			isa = PBXGroup;
			children = (
				1164CE9F1D27706E00BD280A /* Linked_List */,
			);
			name = Products;
			sourceTree = "<group>";
		};
		1164CEA11D27706E00BD280A /* Linked_List */ = {
			isa = PBXGroup;
			children = (
				1164CEAC1D27980000BD280A /* main.c */,
				1164CEA91D27708100BD280A /* list_t.c */,
				1164CEAA1D27708100BD280A /* list_t.h */,
			);
			path = Linked_List;
			sourceTree = "<group>";
		};
/* End PBXGroup section */

/* Begin PBXNativeTarget section */
		1164CE9E1D27706E00BD280A /* Linked_List */ = {
			isa = PBXNativeTarget;
			buildConfigurationList = 1164CEA61D27706E00BD280A /* Build configuration list for PBXNativeTarget "Linked_List" */;
			buildPhases = (
				1164CE9B1D27706E00BD280A /* Sources */,
				1164CE9C1D27706E00BD280A /* Frameworks */,
				1164CE9D1D27706E00BD280A /* CopyFiles */,
			);
			buildRules = (
			);
			dependencies = (
			);
			name = Linked_List;
			productName = Linked_List;
			productReference = 1164CE9F1D27706E00BD280A /* Linked_List */;
			productType = "com.apple.product-type.tool";
		};
/* End PBXNativeTarget section */

/* Begin PBXProject section */
		1164CE971D27706E00BD280A /* Project object */ = {
			isa = PBXProject;
			attributes = {
				LastUpgradeCheck = 0730;
				ORGANIZATIONNAME = WZJ;
				TargetAttributes = {
					1164CE9E1D27706E00BD280A = {
						CreatedOnToolsVersion = 7.3.1;
					};
				};
			};
			buildConfigurationList = 1164CE9A1D27706E00BD280A /* Build configuration list for PBXProject "Linked_List" */;
			compatibilityVersion = "Xcode 3.2";
			developmentRegion = English;
			hasScannedForEncodings = 0;
			knownRegions = (
				en,
			);
			mainGroup = 1164CE961D27706E00BD280A;
			productRefGroup = 1164CEA01D27706E00BD280A /* Products */;
			projectDirPath = "";
			projectRoot = "";
			targets = (
				1164CE9E1D27706E00BD280A /* Linked_List */,
			);
		};
/* End PBXProject section */

/* Begin PBXSourcesBuildPhase section */
		1164CE9B1D27706E00BD280A /* Sources */ = {
			isa = PBXSourcesBuildPhase;
			buildActionMask = 2147483647;
			files = (
				1164CEAD1D27980000BD280A /* main.c in Sources */,
				1164CEAB1D27708100BD280A /* list_t.c in Sources */,
			);
			runOnlyForDeploymentPostprocessing = 0;
		};
/* End PBXSourcesBuildPhase section */

/* Begin XCBuildConfiguration section */
		1164CEA41D27706E00BD280A /* Debug */ = {
			isa = XCBuildConfiguration;
			buildSettings = {
				ALWAYS_SEARCH_USER_PATHS = NO;
				CLANG_ANALYZER_NONNULL = YES;
				CLANG_CXX_LANGUAGE_STANDARD = "gnu++0x";
				CLANG_CXX_LIBRARY = "libc++";
				CLANG_ENABLE_MODULES = YES;
				CLANG_ENABLE_OBJC_ARC = YES;
				CLANG_WARN_BOOL_CONVERSION = YES;
				CLANG_WARN_CONSTANT_CONVERSION = YES;
				CLANG_WARN_DIRECT_OBJC_ISA_USAGE = YES_ERROR;
				CLANG_WARN_EMPTY_BODY = YES;
				CLANG_WARN_ENUM_CONVERSION = YES;
				CLANG_WARN_INT_CONVERSION = YES;
				CLANG_WARN_OBJC_ROOT_CLASS = YES_ERROR;
				CLANG_WARN_UNREACHABLE_CODE = YES;
				CLANG_WARN__DUPLICATE_METHOD_MATCH = YES;
				CODE_SIGN_IDENTITY = "-";
				COPY_PHASE_STRIP = NO;
				DEBUG_INFORMATION_FORMAT = dwarf;
				ENABLE_STRICT_OBJC_MSGSEND = YES;
				ENABLE_TESTABILITY = YES;
				GCC_C_LANGUAGE_STANDARD = gnu99;
				GCC_DYNAMIC_NO_PIC = NO;
				GCC_NO_COMMON_BLOCKS = YES;
				GCC_OPTIMIZATION_LEVEL = 0;
				GCC_PREPROCESSOR_DEFINITIONS = (
					"DEBUG=1",
					"$(inherited)",
				);
				GCC_WARN_64_TO_32_BIT_CONVERSION = YES;
				GCC_WARN_ABOUT_RETURN_TYPE = YES_ERROR;
				GCC_WARN_UNDECLARED_SELECTOR = YES;
				GCC_WARN_UNINITIALIZED_AUTOS = YES_AGGRESSIVE;
				GCC_WARN_UNUSED_FUNCTION = YES;
				GCC_WARN_UNUSED_VARIABLE = YES;
				MACOSX_DEPLOYMENT_TARGET = 10.11;
				MTL_ENABLE_DEBUG_INFO = YES;
				ONLY_ACTIVE_ARCH = YES;
				SDKROOT = macosx;
			};
			name = Debug;
		};
		1164CEA51D27706E00BD280A /* Release */ = {
			isa = XCBuildConfiguration;
			buildSettings = {
				ALWAYS_SEARCH_USER_PATHS = NO;
				CLANG_ANALYZER_NONNULL = YES;
				CLANG_CXX_LANGUAGE_STANDARD = "gnu++0x";
				CLANG_CXX_LIBRARY = "libc++";
				CLANG_ENABLE_MODULES = YES;
				CLANG_ENABLE_OBJC_ARC = YES;
				CLANG_WARN_BOOL_CONVERSION = YES;
				CLANG_WARN_CONSTANT_CONVERSION = YES;
				CLANG_WARN_DIRECT_OBJC_ISA_USAGE = YES_ERROR;
				CLANG_WARN_EMPTY_BODY = YES;
				CLANG_WARN_ENUM_CONVERSION = YES;
				CLANG_WARN_INT_CONVERSION = YES;
				CLANG_WARN_OBJC_ROOT_CLASS = YES_ERROR;
				CLANG_WARN_UNREACHABLE_CODE = YES;
				CLANG_WARN__DUPLICATE_METHOD_MATCH = YES;
				CODE_SIGN_IDENTITY = "-";
				COPY_PHASE_STRIP = NO;
				DEBUG_INFORMATION_FORMAT = "dwarf-with-dsym";
				ENABLE_NS_ASSERTIONS = NO;
				ENABLE_STRICT_OBJC_MSGSEND = YES;
				GCC_C_LANGUAGE_STANDARD = gnu99;
				GCC_NO_COMMON_BLOCKS = YES;
				GCC_WARN_64_TO_32_BIT_CONVERSION = YES;
				GCC_WARN_ABOUT_RETURN_TYPE = YES_ERROR;
				GCC_WARN_UNDECLARED_SELECTOR = YES;
				GCC_WARN_UNINITIALIZED_AUTOS = YES_AGGRESSIVE;
				GCC_WARN_UNUSED_FUNCTION = YES;
				GCC_WARN_UNUSED_VARIABLE = YES;
				MACOSX_DEPLOYMENT_TARGET = 10.11;
				MTL_ENABLE_DEBUG_INFO = NO;
				SDKROOT = macosx;
			};
			name = Release;
		};
		1164CEA71D27706E00BD280A /* Debug */ = {
			isa = XCBuildConfiguration;
			buildSettings = {
				PRODUCT_NAME = "$(TARGET_NAME)";
			};
			name = Debug;
		};
		1164CEA81D27706E00BD280A /* Release */ = {
			isa = XCBuildConfiguration;
			buildSettings = {
				PRODUCT_NAME = "$(TARGET_NAME)";
			};
			name = Release;
		};
/* End XCBuildConfiguration section */

/* Begin XCConfigurationList section */
		1164CE9A1D27706E00BD280A /* Build configuration list for PBXProject "Linked_List" */ = {
			isa = XCConfigurationList;
			buildConfigurations = (
				1164CEA41D27706E00BD280A /* Debug */,
				1164CEA51D27706E00BD280A /* Release */,
			);
			defaultConfigurationIsVisible = 0;
			defaultConfigurationName = Release;
		};
		1164CEA61D27706E00BD280A /* Build configuration list for PBXNativeTarget "Linked_List" */ = {
			isa = XCConfigurationList;
			buildConfigurations = (
				1164CEA71D27706E00BD280A /* Debug */,
				1164CEA81D27706E00BD280A /* Release */,
			);
			defaultConfigurationIsVisible = 0;
		};
/* End XCConfigurationList section */
	};
	rootObject = 1164CE971D27706E00BD280A /* Project object */;
}
